
Microsoft Visual Studio Solution File, Format Version 12.00
# Visual Studio 14
VisualStudioVersion = 14.0.25123.0
MinimumVisualStudioVersion = 10.0.40219.1
Project("{FAE04EC0-301F-11D3-BF4B-00C04F79EFBC}") = "DataStrucutre", "DataStrucutre\DataStrucutre.csproj", "{43F92306-C92C-4D4E-8394-2C161B113F3D}"
EndProject
Global
	GlobalSection(SolutionConfigurationPlatforms) = preSolution
		Debug|Any CPU = Debug|Any CPU
		Release|Any CPU = Release|Any CPU
	EndGlobalSection
	GlobalSection(ProjectConfigurationPlatforms) = postSolution
		{43F92306-C92C-4D4E-8394-2C161B113F3D}.Debug|Any CPU.ActiveCfg = Debug|Any CPU
		{43F92306-C92C-4D4E-8394-2C161B113F3D}.Debug|Any CPU.Build.0 = Debug|Any CPU
		{43F92306-C92C-4D4E-8394-2C161B113F3D}.Release|Any CPU.ActiveCfg = Release|Any CPU
		{43F92306-C92C-4D4E-8394-2C161B113F3D}.Release|Any CPU.Build.0 = Release|Any CPU
	EndGlobalSection
	GlobalSection(SolutionProperties) = preSolution
		HideSolutionNode = FALSE
	EndGlobalSection
EndGlobal
